
Microsoft Visual Studio Solution File, Format Version 12.00
# Visual Studio Version 16
VisualStudioVersion = 16.0.31702.278
MinimumVisualStudioVersion = 10.0.40219.1
Project("{FAE04EC0-301F-11D3-BF4B-00C04F79EFBC}") = "UdeOSolid4Interface", "UdeOSolid4Interface\UdeOSolid4Interface.csproj", "{0C376269-B16C-4151-A31A-4BEE4EB38406}"
EndProject
Global
	GlobalSection(SolutionConfigurationPlatforms) = preSolution
		Debug|Any CPU = Debug|Any CPU
		Release|Any CPU = Release|Any CPU
	EndGlobalSection
	GlobalSection(ProjectConfigurationPlatforms) = postSolution
		{0C376269-B16C-4151-A31A-4BEE4EB38406}.Debug|Any CPU.ActiveCfg = Debug|Any CPU
		{0C376269-B16C-4151-A31A-4BEE4EB38406}.Debug|Any CPU.Build.0 = Debug|Any CPU
		{0C376269-B16C-4151-A31A-4BEE4EB38406}.Release|Any CPU.ActiveCfg = Release|Any CPU
		{0C376269-B16C-4151-A31A-4BEE4EB38406}.Release|Any CPU.Build.0 = Release|Any CPU
	EndGlobalSection
	GlobalSection(SolutionProperties) = preSolution
		HideSolutionNode = FALSE
	EndGlobalSection
	GlobalSection(ExtensibilityGlobals) = postSolution
		SolutionGuid = {B725AC92-A92B-4760-A006-6AEE66D8F446}
	EndGlobalSection
EndGlobal
